// !$*UTF8*$!
{
	archiveVersion = 1;
	classes = {
	};
	objectVersion = 50;
	objects = {

/* Begin PBXBuildFile section */
		7558D4C223207307002BA10F /* FirstVC.swift in Sources */ = {isa = PBXBuildFile; fileRef = 7558D4C123207307002BA10F /* FirstVC.swift */; };
		7558D4C42320A020002BA10F /* ItemsSelectionVC.swift in Sources */ = {isa = PBXBuildFile; fileRef = 7558D4C32320A020002BA10F /* ItemsSelectionVC.swift */; };
		7558D4C62320B857002BA10F /* ItemCell.swift in Sources */ = {isa = PBXBuildFile; fileRef = 7558D4C52320B857002BA10F /* ItemCell.swift */; };
		7572AB8E231B53A70072F681 /* AppDelegate.swift in Sources */ = {isa = PBXBuildFile; fileRef = 7572AB8D231B53A70072F681 /* AppDelegate.swift */; };
		7572AB90231B53A70072F681 /* MenuVC.swift in Sources */ = {isa = PBXBuildFile; fileRef = 7572AB8F231B53A70072F681 /* MenuVC.swift */; };
		7572AB93231B53A70072F681 /* Main.storyboard in Resources */ = {isa = PBXBuildFile; fileRef = 7572AB91231B53A70072F681 /* Main.storyboard */; };
		7572AB95231B53A90072F681 /* Assets.xcassets in Resources */ = {isa = PBXBuildFile; fileRef = 7572AB94231B53A90072F681 /* Assets.xcassets */; };
		7572AB98231B53A90072F681 /* LaunchScreen.storyboard in Resources */ = {isa = PBXBuildFile; fileRef = 7572AB96231B53A90072F681 /* LaunchScreen.storyboard */; };
		7572ABA1231B5C710072F681 /* RedRoundBtn.swift in Sources */ = {isa = PBXBuildFile; fileRef = 7572ABA0231B5C710072F681 /* RedRoundBtn.swift */; };
		7572ABA4231B60660072F681 /* Constants.swift in Sources */ = {isa = PBXBuildFile; fileRef = 7572ABA3231B60660072F681 /* Constants.swift */; };
		7572ABA8231B647E0072F681 /* MenuCategory.swift in Sources */ = {isa = PBXBuildFile; fileRef = 7572ABA7231B647E0072F681 /* MenuCategory.swift */; };
		7572ABAA231B693B0072F681 /* Item.swift in Sources */ = {isa = PBXBuildFile; fileRef = 7572ABA9231B693B0072F681 /* Item.swift */; };
		7572ABAC231B6A9C0072F681 /* DataSet.swift in Sources */ = {isa = PBXBuildFile; fileRef = 7572ABAB231B6A9C0072F681 /* DataSet.swift */; };
		7593DD60231F47D100CA77F4 /* CategoryCell.swift in Sources */ = {isa = PBXBuildFile; fileRef = 7593DD5F231F47D100CA77F4 /* CategoryCell.swift */; };
		75FA4E002321B3FC00945134 /* ItemDetailVC.swift in Sources */ = {isa = PBXBuildFile; fileRef = 75FA4DFF2321B3FC00945134 /* ItemDetailVC.swift */; };
		75FA4E022321E81A00945134 /* osaka-re.ttf in Resources */ = {isa = PBXBuildFile; fileRef = 75FA4E012321E81A00945134 /* osaka-re.ttf */; };
/* End PBXBuildFile section */

/* Begin PBXFileReference section */
		7558D4C123207307002BA10F /* FirstVC.swift */ = {isa = PBXFileReference; lastKnownFileType = sourcecode.swift; path = FirstVC.swift; sourceTree = "<group>"; };
		7558D4C32320A020002BA10F /* ItemsSelectionVC.swift */ = {isa = PBXFileReference; lastKnownFileType = sourcecode.swift; path = ItemsSelectionVC.swift; sourceTree = "<group>"; };
		7558D4C52320B857002BA10F /* ItemCell.swift */ = {isa = PBXFileReference; lastKnownFileType = sourcecode.swift; path = ItemCell.swift; sourceTree = "<group>"; };
		7572AB8A231B53A70072F681 /* KanoaSushi.app */ = {isa = PBXFileReference; explicitFileType = wrapper.application; includeInIndex = 0; path = KanoaSushi.app; sourceTree = BUILT_PRODUCTS_DIR; };
		7572AB8D231B53A70072F681 /* AppDelegate.swift */ = {isa = PBXFileReference; lastKnownFileType = sourcecode.swift; path = AppDelegate.swift; sourceTree = "<group>"; };
		7572AB8F231B53A70072F681 /* MenuVC.swift */ = {isa = PBXFileReference; lastKnownFileType = sourcecode.swift; path = MenuVC.swift; sourceTree = "<group>"; };
		7572AB92231B53A70072F681 /* Base */ = {isa = PBXFileReference; lastKnownFileType = file.storyboard; name = Base; path = Base.lproj/Main.storyboard; sourceTree = "<group>"; };
		7572AB94231B53A90072F681 /* Assets.xcassets */ = {isa = PBXFileReference; lastKnownFileType = folder.assetcatalog; path = Assets.xcassets; sourceTree = "<group>"; };
		7572AB97231B53A90072F681 /* Base */ = {isa = PBXFileReference; lastKnownFileType = file.storyboard; name = Base; path = Base.lproj/LaunchScreen.storyboard; sourceTree = "<group>"; };
		7572AB99231B53A90072F681 /* Info.plist */ = {isa = PBXFileReference; lastKnownFileType = text.plist.xml; path = Info.plist; sourceTree = "<group>"; };
		7572ABA0231B5C710072F681 /* RedRoundBtn.swift */ = {isa = PBXFileReference; lastKnownFileType = sourcecode.swift; path = RedRoundBtn.swift; sourceTree = "<group>"; };
		7572ABA3231B60660072F681 /* Constants.swift */ = {isa = PBXFileReference; lastKnownFileType = sourcecode.swift; path = Constants.swift; sourceTree = "<group>"; };
		7572ABA7231B647E0072F681 /* MenuCategory.swift */ = {isa = PBXFileReference; lastKnownFileType = sourcecode.swift; path = MenuCategory.swift; sourceTree = "<group>"; };
		7572ABA9231B693B0072F681 /* Item.swift */ = {isa = PBXFileReference; lastKnownFileType = sourcecode.swift; path = Item.swift; sourceTree = "<group>"; };
		7572ABAB231B6A9C0072F681 /* DataSet.swift */ = {isa = PBXFileReference; lastKnownFileType = sourcecode.swift; path = DataSet.swift; sourceTree = "<group>"; };
		7593DD5F231F47D100CA77F4 /* CategoryCell.swift */ = {isa = PBXFileReference; lastKnownFileType = sourcecode.swift; path = CategoryCell.swift; sourceTree = "<group>"; };
		75FA4DFF2321B3FC00945134 /* ItemDetailVC.swift */ = {isa = PBXFileReference; lastKnownFileType = sourcecode.swift; path = ItemDetailVC.swift; sourceTree = "<group>"; };
		75FA4E012321E81A00945134 /* osaka-re.ttf */ = {isa = PBXFileReference; lastKnownFileType = file; path = "osaka-re.ttf"; sourceTree = "<group>"; };
/* End PBXFileReference section */

/* Begin PBXFrameworksBuildPhase section */
		7572AB87231B53A70072F681 /* Frameworks */ = {
			isa = PBXFrameworksBuildPhase;
			buildActionMask = 2147483647;
			files = (
			);
			runOnlyForDeploymentPostprocessing = 0;
		};
/* End PBXFrameworksBuildPhase section */

/* Begin PBXGroup section */
		7572AB81231B53A70072F681 = {
			isa = PBXGroup;
			children = (
				7572AB8C231B53A70072F681 /* KanoaSushi */,
				7572AB8B231B53A70072F681 /* Products */,
			);
			sourceTree = "<group>";
		};
		7572AB8B231B53A70072F681 /* Products */ = {
			isa = PBXGroup;
			children = (
				7572AB8A231B53A70072F681 /* KanoaSushi.app */,
			);
			name = Products;
			sourceTree = "<group>";
		};
		7572AB8C231B53A70072F681 /* KanoaSushi */ = {
			isa = PBXGroup;
			children = (
				75FA4E062321E8D300945134 /* Resources */,
				7572ABA5231B63E70072F681 /* Model */,
				7572AB9F231B5B680072F681 /* View */,
				7572ABA6231B63F00072F681 /* Controller */,
				7572ABA2231B604E0072F681 /* Utils */,
				7572AB8D231B53A70072F681 /* AppDelegate.swift */,
				7572AB91231B53A70072F681 /* Main.storyboard */,
				7572AB94231B53A90072F681 /* Assets.xcassets */,
				7572AB96231B53A90072F681 /* LaunchScreen.storyboard */,
				7572AB99231B53A90072F681 /* Info.plist */,
			);
			path = KanoaSushi;
			sourceTree = "<group>";
		};
		7572AB9F231B5B680072F681 /* View */ = {
			isa = PBXGroup;
			children = (
				7572ABA0231B5C710072F681 /* RedRoundBtn.swift */,
				7593DD5F231F47D100CA77F4 /* CategoryCell.swift */,
				7558D4C52320B857002BA10F /* ItemCell.swift */,
			);
			path = View;
			sourceTree = "<group>";
		};
		7572ABA2231B604E0072F681 /* Utils */ = {
			isa = PBXGroup;
			children = (
				7572ABA3231B60660072F681 /* Constants.swift */,
			);
			path = Utils;
			sourceTree = "<group>";
		};
		7572ABA5231B63E70072F681 /* Model */ = {
			isa = PBXGroup;
			children = (
				7572ABA7231B647E0072F681 /* MenuCategory.swift */,
				7572ABA9231B693B0072F681 /* Item.swift */,
				7572ABAB231B6A9C0072F681 /* DataSet.swift */,
			);
			path = Model;
			sourceTree = "<group>";
		};
		7572ABA6231B63F00072F681 /* Controller */ = {
			isa = PBXGroup;
			children = (
				7558D4C123207307002BA10F /* FirstVC.swift */,
				7572AB8F231B53A70072F681 /* MenuVC.swift */,
				7558D4C32320A020002BA10F /* ItemsSelectionVC.swift */,
				75FA4DFF2321B3FC00945134 /* ItemDetailVC.swift */,
			);
			path = Controller;
			sourceTree = "<group>";
		};
		75FA4E032321E84400945134 /* Fonts */ = {
			isa = PBXGroup;
			children = (
				75FA4E012321E81A00945134 /* osaka-re.ttf */,
			);
			path = Fonts;
			sourceTree = "<group>";
		};
		75FA4E062321E8D300945134 /* Resources */ = {
			isa = PBXGroup;
			children = (
				75FA4E032321E84400945134 /* Fonts */,
			);
			path = Resources;
			sourceTree = "<group>";
		};
/* End PBXGroup section */

/* Begin PBXNativeTarget section */
		7572AB89231B53A70072F681 /* KanoaSushi */ = {
			isa = PBXNativeTarget;
			buildConfigurationList = 7572AB9C231B53A90072F681 /* Build configuration list for PBXNativeTarget "KanoaSushi" */;
			buildPhases = (
				7572AB86231B53A70072F681 /* Sources */,
				7572AB87231B53A70072F681 /* Frameworks */,
				7572AB88231B53A70072F681 /* Resources */,
			);
			buildRules = (
			);
			dependencies = (
			);
			name = KanoaSushi;
			productName = KanoaSushi;
			productReference = 7572AB8A231B53A70072F681 /* KanoaSushi.app */;
			productType = "com.apple.product-type.application";
		};
/* End PBXNativeTarget section */

/* Begin PBXProject section */
		7572AB82231B53A70072F681 /* Project object */ = {
			isa = PBXProject;
			attributes = {
				LastSwiftUpdateCheck = 1030;
				LastUpgradeCheck = 1030;
				ORGANIZATIONNAME = elizeurs;
				TargetAttributes = {
					7572AB89231B53A70072F681 = {
						CreatedOnToolsVersion = 10.3;
					};
				};
			};
			buildConfigurationList = 7572AB85231B53A70072F681 /* Build configuration list for PBXProject "KanoaSushi" */;
			compatibilityVersion = "Xcode 9.3";
			developmentRegion = en;
			hasScannedForEncodings = 0;
			knownRegions = (
				en,
				Base,
			);
			mainGroup = 7572AB81231B53A70072F681;
			productRefGroup = 7572AB8B231B53A70072F681 /* Products */;
			projectDirPath = "";
			projectRoot = "";
			targets = (
				7572AB89231B53A70072F681 /* KanoaSushi */,
			);
		};
/* End PBXProject section */

/* Begin PBXResourcesBuildPhase section */
		7572AB88231B53A70072F681 /* Resources */ = {
			isa = PBXResourcesBuildPhase;
			buildActionMask = 2147483647;
			files = (
				7572AB98231B53A90072F681 /* LaunchScreen.storyboard in Resources */,
				7572AB95231B53A90072F681 /* Assets.xcassets in Resources */,
				7572AB93231B53A70072F681 /* Main.storyboard in Resources */,
				75FA4E022321E81A00945134 /* osaka-re.ttf in Resources */,
			);
			runOnlyForDeploymentPostprocessing = 0;
		};
/* End PBXResourcesBuildPhase section */

/* Begin PBXSourcesBuildPhase section */
		7572AB86231B53A70072F681 /* Sources */ = {
			isa = PBXSourcesBuildPhase;
			buildActionMask = 2147483647;
			files = (
				7572ABAA231B693B0072F681 /* Item.swift in Sources */,
				7572ABA1231B5C710072F681 /* RedRoundBtn.swift in Sources */,
				7572AB90231B53A70072F681 /* MenuVC.swift in Sources */,
				7558D4C62320B857002BA10F /* ItemCell.swift in Sources */,
				75FA4E002321B3FC00945134 /* ItemDetailVC.swift in Sources */,
				7593DD60231F47D100CA77F4 /* CategoryCell.swift in Sources */,
				7558D4C42320A020002BA10F /* ItemsSelectionVC.swift in Sources */,
				7572AB8E231B53A70072F681 /* AppDelegate.swift in Sources */,
				7572ABA4231B60660072F681 /* Constants.swift in Sources */,
				7572ABAC231B6A9C0072F681 /* DataSet.swift in Sources */,
				7558D4C223207307002BA10F /* FirstVC.swift in Sources */,
				7572ABA8231B647E0072F681 /* MenuCategory.swift in Sources */,
			);
			runOnlyForDeploymentPostprocessing = 0;
		};
/* End PBXSourcesBuildPhase section */

/* Begin PBXVariantGroup section */
		7572AB91231B53A70072F681 /* Main.storyboard */ = {
			isa = PBXVariantGroup;
			children = (
				7572AB92231B53A70072F681 /* Base */,
			);
			name = Main.storyboard;
			sourceTree = "<group>";
		};
		7572AB96231B53A90072F681 /* LaunchScreen.storyboard */ = {
			isa = PBXVariantGroup;
			children = (
				7572AB97231B53A90072F681 /* Base */,
			);
			name = LaunchScreen.storyboard;
			sourceTree = "<group>";
		};
/* End PBXVariantGroup section */

/* Begin XCBuildConfiguration section */
		7572AB9A231B53A90072F681 /* Debug */ = {
			isa = XCBuildConfiguration;
			buildSettings = {
				ALWAYS_SEARCH_USER_PATHS = NO;
				CLANG_ANALYZER_NONNULL = YES;
				CLANG_ANALYZER_NUMBER_OBJECT_CONVERSION = YES_AGGRESSIVE;
				CLANG_CXX_LANGUAGE_STANDARD = "gnu++14";
				CLANG_CXX_LIBRARY = "libc++";
				CLANG_ENABLE_MODULES = YES;
				CLANG_ENABLE_OBJC_ARC = YES;
				CLANG_ENABLE_OBJC_WEAK = YES;
				CLANG_WARN_BLOCK_CAPTURE_AUTORELEASING = YES;
				CLANG_WARN_BOOL_CONVERSION = YES;
				CLANG_WARN_COMMA = YES;
				CLANG_WARN_CONSTANT_CONVERSION = YES;
				CLANG_WARN_DEPRECATED_OBJC_IMPLEMENTATIONS = YES;
				CLANG_WARN_DIRECT_OBJC_ISA_USAGE = YES_ERROR;
				CLANG_WARN_DOCUMENTATION_COMMENTS = YES;
				CLANG_WARN_EMPTY_BODY = YES;
				CLANG_WARN_ENUM_CONVERSION = YES;
				CLANG_WARN_INFINITE_RECURSION = YES;
				CLANG_WARN_INT_CONVERSION = YES;
				CLANG_WARN_NON_LITERAL_NULL_CONVERSION = YES;
				CLANG_WARN_OBJC_IMPLICIT_RETAIN_SELF = YES;
				CLANG_WARN_OBJC_LITERAL_CONVERSION = YES;
				CLANG_WARN_OBJC_ROOT_CLASS = YES_ERROR;
				CLANG_WARN_RANGE_LOOP_ANALYSIS = YES;
				CLANG_WARN_STRICT_PROTOTYPES = YES;
				CLANG_WARN_SUSPICIOUS_MOVE = YES;
				CLANG_WARN_UNGUARDED_AVAILABILITY = YES_AGGRESSIVE;
				CLANG_WARN_UNREACHABLE_CODE = YES;
				CLANG_WARN__DUPLICATE_METHOD_MATCH = YES;
				CODE_SIGN_IDENTITY = "iPhone Developer";
				COPY_PHASE_STRIP = NO;
				DEBUG_INFORMATION_FORMAT = dwarf;
				ENABLE_STRICT_OBJC_MSGSEND = YES;
				ENABLE_TESTABILITY = YES;
				GCC_C_LANGUAGE_STANDARD = gnu11;
				GCC_DYNAMIC_NO_PIC = NO;
				GCC_NO_COMMON_BLOCKS = YES;
				GCC_OPTIMIZATION_LEVEL = 0;
				GCC_PREPROCESSOR_DEFINITIONS = (
					"DEBUG=1",
					"$(inherited)",
				);
				GCC_WARN_64_TO_32_BIT_CONVERSION = YES;
				GCC_WARN_ABOUT_RETURN_TYPE = YES_ERROR;
				GCC_WARN_UNDECLARED_SELECTOR = YES;
				GCC_WARN_UNINITIALIZED_AUTOS = YES_AGGRESSIVE;
				GCC_WARN_UNUSED_FUNCTION = YES;
				GCC_WARN_UNUSED_VARIABLE = YES;
				IPHONEOS_DEPLOYMENT_TARGET = 12.4;
				MTL_ENABLE_DEBUG_INFO = INCLUDE_SOURCE;
				MTL_FAST_MATH = YES;
				ONLY_ACTIVE_ARCH = YES;
				SDKROOT = iphoneos;
				SWIFT_ACTIVE_COMPILATION_CONDITIONS = DEBUG;
				SWIFT_OPTIMIZATION_LEVEL = "-Onone";
			};
			name = Debug;
		};
		7572AB9B231B53A90072F681 /* Release */ = {
			isa = XCBuildConfiguration;
			buildSettings = {
				ALWAYS_SEARCH_USER_PATHS = NO;
				CLANG_ANALYZER_NONNULL = YES;
				CLANG_ANALYZER_NUMBER_OBJECT_CONVERSION = YES_AGGRESSIVE;
				CLANG_CXX_LANGUAGE_STANDARD = "gnu++14";
				CLANG_CXX_LIBRARY = "libc++";
				CLANG_ENABLE_MODULES = YES;
				CLANG_ENABLE_OBJC_ARC = YES;
				CLANG_ENABLE_OBJC_WEAK = YES;
				CLANG_WARN_BLOCK_CAPTURE_AUTORELEASING = YES;
				CLANG_WARN_BOOL_CONVERSION = YES;
				CLANG_WARN_COMMA = YES;
				CLANG_WARN_CONSTANT_CONVERSION = YES;
				CLANG_WARN_DEPRECATED_OBJC_IMPLEMENTATIONS = YES;
				CLANG_WARN_DIRECT_OBJC_ISA_USAGE = YES_ERROR;
				CLANG_WARN_DOCUMENTATION_COMMENTS = YES;
				CLANG_WARN_EMPTY_BODY = YES;
				CLANG_WARN_ENUM_CONVERSION = YES;
				CLANG_WARN_INFINITE_RECURSION = YES;
				CLANG_WARN_INT_CONVERSION = YES;
				CLANG_WARN_NON_LITERAL_NULL_CONVERSION = YES;
				CLANG_WARN_OBJC_IMPLICIT_RETAIN_SELF = YES;
				CLANG_WARN_OBJC_LITERAL_CONVERSION = YES;
				CLANG_WARN_OBJC_ROOT_CLASS = YES_ERROR;
				CLANG_WARN_RANGE_LOOP_ANALYSIS = YES;
				CLANG_WARN_STRICT_PROTOTYPES = YES;
				CLANG_WARN_SUSPICIOUS_MOVE = YES;
				CLANG_WARN_UNGUARDED_AVAILABILITY = YES_AGGRESSIVE;
				CLANG_WARN_UNREACHABLE_CODE = YES;
				CLANG_WARN__DUPLICATE_METHOD_MATCH = YES;
				CODE_SIGN_IDENTITY = "iPhone Developer";
				COPY_PHASE_STRIP = NO;
				DEBUG_INFORMATION_FORMAT = "dwarf-with-dsym";
				ENABLE_NS_ASSERTIONS = NO;
				ENABLE_STRICT_OBJC_MSGSEND = YES;
				GCC_C_LANGUAGE_STANDARD = gnu11;
				GCC_NO_COMMON_BLOCKS = YES;
				GCC_WARN_64_TO_32_BIT_CONVERSION = YES;
				GCC_WARN_ABOUT_RETURN_TYPE = YES_ERROR;
				GCC_WARN_UNDECLARED_SELECTOR = YES;
				GCC_WARN_UNINITIALIZED_AUTOS = YES_AGGRESSIVE;
				GCC_WARN_UNUSED_FUNCTION = YES;
				GCC_WARN_UNUSED_VARIABLE = YES;
				IPHONEOS_DEPLOYMENT_TARGET = 12.4;
				MTL_ENABLE_DEBUG_INFO = NO;
				MTL_FAST_MATH = YES;
				SDKROOT = iphoneos;
				SWIFT_COMPILATION_MODE = wholemodule;
				SWIFT_OPTIMIZATION_LEVEL = "-O";
				VALIDATE_PRODUCT = YES;
			};
			name = Release;
		};
		7572AB9D231B53A90072F681 /* Debug */ = {
			isa = XCBuildConfiguration;
			buildSettings = {
				ASSETCATALOG_COMPILER_APPICON_NAME = AppIcon;
				CODE_SIGN_STYLE = Automatic;
				DEVELOPMENT_TEAM = VM55LWG8PP;
				INFOPLIST_FILE = KanoaSushi/Info.plist;
				LD_RUNPATH_SEARCH_PATHS = (
					"$(inherited)",
					"@executable_path/Frameworks",
				);
				PRODUCT_BUNDLE_IDENTIFIER = com.elizeurs.KanoaSushi;
				PRODUCT_NAME = "$(TARGET_NAME)";
				SWIFT_VERSION = 5.0;
				TARGETED_DEVICE_FAMILY = "1,2";
			};
			name = Debug;
		};
		7572AB9E231B53A90072F681 /* Release */ = {
			isa = XCBuildConfiguration;
			buildSettings = {
				ASSETCATALOG_COMPILER_APPICON_NAME = AppIcon;
				CODE_SIGN_STYLE = Automatic;
				DEVELOPMENT_TEAM = VM55LWG8PP;
				INFOPLIST_FILE = KanoaSushi/Info.plist;
				LD_RUNPATH_SEARCH_PATHS = (
					"$(inherited)",
					"@executable_path/Frameworks",
				);
				PRODUCT_BUNDLE_IDENTIFIER = com.elizeurs.KanoaSushi;
				PRODUCT_NAME = "$(TARGET_NAME)";
				SWIFT_VERSION = 5.0;
				TARGETED_DEVICE_FAMILY = "1,2";
			};
			name = Release;
		};
/* End XCBuildConfiguration section */

/* Begin XCConfigurationList section */
		7572AB85231B53A70072F681 /* Build configuration list for PBXProject "KanoaSushi" */ = {
			isa = XCConfigurationList;
			buildConfigurations = (
				7572AB9A231B53A90072F681 /* Debug */,
				7572AB9B231B53A90072F681 /* Release */,
			);
			defaultConfigurationIsVisible = 0;
			defaultConfigurationName = Release;
		};
		7572AB9C231B53A90072F681 /* Build configuration list for PBXNativeTarget "KanoaSushi" */ = {
			isa = XCConfigurationList;
			buildConfigurations = (
				7572AB9D231B53A90072F681 /* Debug */,
				7572AB9E231B53A90072F681 /* Release */,
			);
			defaultConfigurationIsVisible = 0;
			defaultConfigurationName = Release;
		};
/* End XCConfigurationList section */
	};
	rootObject = 7572AB82231B53A70072F681 /* Project object */;
}
